
Microsoft Visual Studio Solution File, Format Version 12.00
# Visual Studio Version 17
VisualStudioVersion = 17.0.31903.59
MinimumVisualStudioVersion = 10.0.40219.1
Project("{FAE04EC0-301F-11D3-BF4B-00C04F79EFBC}") = "SplashLib", "SplashLib\SplashLib.csproj", "{85518105-968C-4D63-BC7F-A87F5EEF1AE6}"
EndProject
Project("{FAE04EC0-301F-11D3-BF4B-00C04F79EFBC}") = "SplashTest", "SplashTest\SplashTest.csproj", "{4A7BCA82-D8DC-436D-929F-5D21FD38E6B7}"
EndProject
Project("{2150E333-8FDC-42A3-9474-1A3956D46DE8}") = "Solution Items", "Solution Items", "{4C73A353-BD35-477B-90C2-8E8592FEC586}"
	ProjectSection(SolutionItems) = preProject
		README.md = README.md
	EndProjectSection
EndProject
Global
	GlobalSection(SolutionConfigurationPlatforms) = preSolution
		Debug|Any CPU = Debug|Any CPU
		Release|Any CPU = Release|Any CPU
	EndGlobalSection
	GlobalSection(ProjectConfigurationPlatforms) = postSolution
		{85518105-968C-4D63-BC7F-A87F5EEF1AE6}.Debug|Any CPU.ActiveCfg = Debug|Any CPU
		{85518105-968C-4D63-BC7F-A87F5EEF1AE6}.Debug|Any CPU.Build.0 = Debug|Any CPU
		{85518105-968C-4D63-BC7F-A87F5EEF1AE6}.Release|Any CPU.ActiveCfg = Release|Any CPU
		{85518105-968C-4D63-BC7F-A87F5EEF1AE6}.Release|Any CPU.Build.0 = Release|Any CPU
		{4A7BCA82-D8DC-436D-929F-5D21FD38E6B7}.Debug|Any CPU.ActiveCfg = Debug|Any CPU
		{4A7BCA82-D8DC-436D-929F-5D21FD38E6B7}.Debug|Any CPU.Build.0 = Debug|Any CPU
		{4A7BCA82-D8DC-436D-929F-5D21FD38E6B7}.Release|Any CPU.ActiveCfg = Release|Any CPU
		{4A7BCA82-D8DC-436D-929F-5D21FD38E6B7}.Release|Any CPU.Build.0 = Release|Any CPU
	EndGlobalSection
	GlobalSection(SolutionProperties) = preSolution
		HideSolutionNode = FALSE
	EndGlobalSection
EndGlobal
